
Microsoft Visual Studio Solution File, Format Version 11.00
# Visual C++ Express 2010
Project("{8BC9CEB8-8B4A-11D0-8D11-00A0C91BC942}") = "CubeApp", "CubeApp\CubeApp.vcxproj", "{A2298344-72C4-4898-9606-2514B4B94754}"
EndProject
Global
	GlobalSection(SolutionConfigurationPlatforms) = preSolution
		Debug|Win32 = Debug|Win32
		Release|Win32 = Release|Win32
	EndGlobalSection
	GlobalSection(ProjectConfigurationPlatforms) = postSolution
		{A2298344-72C4-4898-9606-2514B4B94754}.Debug|Win32.ActiveCfg = Debug|Win32
		{A2298344-72C4-4898-9606-2514B4B94754}.Debug|Win32.Build.0 = Debug|Win32
		{A2298344-72C4-4898-9606-2514B4B94754}.Release|Win32.ActiveCfg = Release|Win32
		{A2298344-72C4-4898-9606-2514B4B94754}.Release|Win32.Build.0 = Release|Win32
	EndGlobalSection
	GlobalSection(SolutionProperties) = preSolution
		HideSolutionNode = FALSE
	EndGlobalSection
EndGlobal
